
Microsoft Visual Studio Solution File, Format Version 12.00
# Visual Studio Version 16
VisualStudioVersion = 16.0.33927.289
MinimumVisualStudioVersion = 10.0.40219.1
Project("{2150E333-8FDC-42A3-9474-1A3956D46DE8}") = "Task0", "Task0", "{624CB1A3-48AF-49AA-9B0C-12D7368A7FEE}"
EndProject
Project("{FAE04EC0-301F-11D3-BF4B-00C04F79EFBC}") = "Tyuiu.MorozAD.Sprint4.Task0.V19.Lib", "Tyuiu.MorozAD.Sprint4.Task0.V19.Lib\Tyuiu.MorozAD.Sprint4.Task0.V19.Lib.csproj", "{A35DE40C-322E-4114-8B59-6DBE7EE2A0DA}"
EndProject
Project("{FAE04EC0-301F-11D3-BF4B-00C04F79EFBC}") = "Tyuiu.MorozAD.Sprint4.Task0.V19", "Tyuiu.MorozAD.Sprint4.Task0.V19\Tyuiu.MorozAD.Sprint4.Task0.V19.csproj", "{7CB659C6-2696-4872-AF7C-023DF49D30DD}"
EndProject
Project("{FAE04EC0-301F-11D3-BF4B-00C04F79EFBC}") = "Tyuiu.MorozAD.Sprint4.Task0.V19.Test", "Tyuiu.MorozAD.Sprint4.Task0.V19.Test\Tyuiu.MorozAD.Sprint4.Task0.V19.Test.csproj", "{8018E7D4-01FE-49A6-A964-5408C898AC85}"
EndProject
Project("{2150E333-8FDC-42A3-9474-1A3956D46DE8}") = "Task1", "Task1", "{22775BEB-2234-4B9D-9D4C-F594EA9AC103}"
EndProject
Project("{FAE04EC0-301F-11D3-BF4B-00C04F79EFBC}") = "Tyuiu.MorozAD.Sprint4.Task1.V4", "Tyuiu.MorozAD.Sprint4.Task1.V4\Tyuiu.MorozAD.Sprint4.Task1.V4.csproj", "{2EFEF700-7B94-41AE-AFFF-A76302898CAB}"
EndProject
Project("{FAE04EC0-301F-11D3-BF4B-00C04F79EFBC}") = "Tyuiu.MorozAD.Sprint4.Task1.V4.Test", "Tyuiu.MorozAD.Sprint4.Task1.V4.Test\Tyuiu.MorozAD.Sprint4.Task1.V4.Test.csproj", "{073812DC-25A7-45E8-AE02-3FB38FA9934E}"
EndProject
Project("{FAE04EC0-301F-11D3-BF4B-00C04F79EFBC}") = "Tyuiu.MorozAD.Sprint4.Task1.V4.Lib", "Tyuiu.MorozAD.Sprint4.Task1.V4.Lib\Tyuiu.MorozAD.Sprint4.Task1.V4.Lib.csproj", "{86B34C90-0AC3-4E9D-9B6D-FA20317C3942}"
EndProject
Project("{2150E333-8FDC-42A3-9474-1A3956D46DE8}") = "Task2", "Task2", "{2B4AD80E-C627-4419-844A-E4CF849CD615}"
EndProject
Project("{FAE04EC0-301F-11D3-BF4B-00C04F79EFBC}") = "Tyuiu.MorozAD.Sprint4.Task2.V10", "Tyuiu.MorozAD.Sprint4.Task2.V10\Tyuiu.MorozAD.Sprint4.Task2.V10.csproj", "{98C261AE-A94A-4BDA-BC9A-805F68D1AE4C}"
EndProject
Project("{FAE04EC0-301F-11D3-BF4B-00C04F79EFBC}") = "Tyuiu.MorozAD.Sprint4.Task2.V10.Lib", "Tyuiu.MorozAD.Sprint4.Task2.V10.Lib\Tyuiu.MorozAD.Sprint4.Task2.V10.Lib.csproj", "{8CAACC1B-D28F-41CC-98FA-872A6B43C57B}"
EndProject
Project("{FAE04EC0-301F-11D3-BF4B-00C04F79EFBC}") = "Tyuiu.MorozAD.Sprint4.Task2.V10.Test", "Tyuiu.MorozAD.Sprint4.Task2.V10.Test\Tyuiu.MorozAD.Sprint4.Task2.V10.Test.csproj", "{D03231CE-2098-4E5E-9693-8AEF77DE70BD}"
EndProject
Project("{2150E333-8FDC-42A3-9474-1A3956D46DE8}") = "Task3", "Task3", "{4022896E-5629-4A3F-B544-55A78F2789FB}"
EndProject
Project("{FAE04EC0-301F-11D3-BF4B-00C04F79EFBC}") = "Tyuiu.MorozAD.Sprint4.Task3.V7", "Tyuiu.MorozAD.Sprint4.Task3.V7\Tyuiu.MorozAD.Sprint4.Task3.V7.csproj", "{4D816994-EACB-4D81-A4DA-E15975C654E2}"
EndProject
Project("{FAE04EC0-301F-11D3-BF4B-00C04F79EFBC}") = "Tyuiu.MorozAD.Sprint4.Task3.V7.Test", "Tyuiu.MorozAD.Sprint4.Task3.V7.Test\Tyuiu.MorozAD.Sprint4.Task3.V7.Test.csproj", "{3092F244-7CCA-4848-9AB9-806A9A97C13A}"
EndProject
Project("{FAE04EC0-301F-11D3-BF4B-00C04F79EFBC}") = "Tyuiu.MorozAD.Sprint4.Task3.V7.Lib", "Tyuiu.MorozAD.Sprint4.Task3.V7.Lib\Tyuiu.MorozAD.Sprint4.Task3.V7.Lib.csproj", "{67BC5F72-F012-4806-95B2-0003A4C20227}"
EndProject
Global
	GlobalSection(SolutionConfigurationPlatforms) = preSolution
		Debug|Any CPU = Debug|Any CPU
		Release|Any CPU = Release|Any CPU
	EndGlobalSection
	GlobalSection(ProjectConfigurationPlatforms) = postSolution
		{A35DE40C-322E-4114-8B59-6DBE7EE2A0DA}.Debug|Any CPU.ActiveCfg = Debug|Any CPU
		{A35DE40C-322E-4114-8B59-6DBE7EE2A0DA}.Debug|Any CPU.Build.0 = Debug|Any CPU
		{A35DE40C-322E-4114-8B59-6DBE7EE2A0DA}.Release|Any CPU.ActiveCfg = Release|Any CPU
		{A35DE40C-322E-4114-8B59-6DBE7EE2A0DA}.Release|Any CPU.Build.0 = Release|Any CPU
		{7CB659C6-2696-4872-AF7C-023DF49D30DD}.Debug|Any CPU.ActiveCfg = Debug|Any CPU
		{7CB659C6-2696-4872-AF7C-023DF49D30DD}.Debug|Any CPU.Build.0 = Debug|Any CPU
		{7CB659C6-2696-4872-AF7C-023DF49D30DD}.Release|Any CPU.ActiveCfg = Release|Any CPU
		{7CB659C6-2696-4872-AF7C-023DF49D30DD}.Release|Any CPU.Build.0 = Release|Any CPU
		{8018E7D4-01FE-49A6-A964-5408C898AC85}.Debug|Any CPU.ActiveCfg = Debug|Any CPU
		{8018E7D4-01FE-49A6-A964-5408C898AC85}.Debug|Any CPU.Build.0 = Debug|Any CPU
		{8018E7D4-01FE-49A6-A964-5408C898AC85}.Release|Any CPU.ActiveCfg = Release|Any CPU
		{8018E7D4-01FE-49A6-A964-5408C898AC85}.Release|Any CPU.Build.0 = Release|Any CPU
		{2EFEF700-7B94-41AE-AFFF-A76302898CAB}.Debug|Any CPU.ActiveCfg = Debug|Any CPU
		{2EFEF700-7B94-41AE-AFFF-A76302898CAB}.Debug|Any CPU.Build.0 = Debug|Any CPU
		{2EFEF700-7B94-41AE-AFFF-A76302898CAB}.Release|Any CPU.ActiveCfg = Release|Any CPU
		{2EFEF700-7B94-41AE-AFFF-A76302898CAB}.Release|Any CPU.Build.0 = Release|Any CPU
		{073812DC-25A7-45E8-AE02-3FB38FA9934E}.Debug|Any CPU.ActiveCfg = Debug|Any CPU
		{073812DC-25A7-45E8-AE02-3FB38FA9934E}.Debug|Any CPU.Build.0 = Debug|Any CPU
		{073812DC-25A7-45E8-AE02-3FB38FA9934E}.Release|Any CPU.ActiveCfg = Release|Any CPU
		{073812DC-25A7-45E8-AE02-3FB38FA9934E}.Release|Any CPU.Build.0 = Release|Any CPU
		{86B34C90-0AC3-4E9D-9B6D-FA20317C3942}.Debug|Any CPU.ActiveCfg = Debug|Any CPU
		{86B34C90-0AC3-4E9D-9B6D-FA20317C3942}.Debug|Any CPU.Build.0 = Debug|Any CPU
		{86B34C90-0AC3-4E9D-9B6D-FA20317C3942}.Release|Any CPU.ActiveCfg = Release|Any CPU
		{86B34C90-0AC3-4E9D-9B6D-FA20317C3942}.Release|Any CPU.Build.0 = Release|Any CPU
		{98C261AE-A94A-4BDA-BC9A-805F68D1AE4C}.Debug|Any CPU.ActiveCfg = Debug|Any CPU
		{98C261AE-A94A-4BDA-BC9A-805F68D1AE4C}.Debug|Any CPU.Build.0 = Debug|Any CPU
		{98C261AE-A94A-4BDA-BC9A-805F68D1AE4C}.Release|Any CPU.ActiveCfg = Release|Any CPU
		{98C261AE-A94A-4BDA-BC9A-805F68D1AE4C}.Release|Any CPU.Build.0 = Release|Any CPU
		{8CAACC1B-D28F-41CC-98FA-872A6B43C57B}.Debug|Any CPU.ActiveCfg = Debug|Any CPU
		{8CAACC1B-D28F-41CC-98FA-872A6B43C57B}.Debug|Any CPU.Build.0 = Debug|Any CPU
		{8CAACC1B-D28F-41CC-98FA-872A6B43C57B}.Release|Any CPU.ActiveCfg = Release|Any CPU
		{8CAACC1B-D28F-41CC-98FA-872A6B43C57B}.Release|Any CPU.Build.0 = Release|Any CPU
		{D03231CE-2098-4E5E-9693-8AEF77DE70BD}.Debug|Any CPU.ActiveCfg = Debug|Any CPU
		{D03231CE-2098-4E5E-9693-8AEF77DE70BD}.Debug|Any CPU.Build.0 = Debug|Any CPU
		{D03231CE-2098-4E5E-9693-8AEF77DE70BD}.Release|Any CPU.ActiveCfg = Release|Any CPU
		{D03231CE-2098-4E5E-9693-8AEF77DE70BD}.Release|Any CPU.Build.0 = Release|Any CPU
		{4D816994-EACB-4D81-A4DA-E15975C654E2}.Debug|Any CPU.ActiveCfg = Debug|Any CPU
		{4D816994-EACB-4D81-A4DA-E15975C654E2}.Debug|Any CPU.Build.0 = Debug|Any CPU
		{4D816994-EACB-4D81-A4DA-E15975C654E2}.Release|Any CPU.ActiveCfg = Release|Any CPU
		{4D816994-EACB-4D81-A4DA-E15975C654E2}.Release|Any CPU.Build.0 = Release|Any CPU
		{3092F244-7CCA-4848-9AB9-806A9A97C13A}.Debug|Any CPU.ActiveCfg = Debug|Any CPU
		{3092F244-7CCA-4848-9AB9-806A9A97C13A}.Debug|Any CPU.Build.0 = Debug|Any CPU
		{3092F244-7CCA-4848-9AB9-806A9A97C13A}.Release|Any CPU.ActiveCfg = Release|Any CPU
		{3092F244-7CCA-4848-9AB9-806A9A97C13A}.Release|Any CPU.Build.0 = Release|Any CPU
		{67BC5F72-F012-4806-95B2-0003A4C20227}.Debug|Any CPU.ActiveCfg = Debug|Any CPU
		{67BC5F72-F012-4806-95B2-0003A4C20227}.Debug|Any CPU.Build.0 = Debug|Any CPU
		{67BC5F72-F012-4806-95B2-0003A4C20227}.Release|Any CPU.ActiveCfg = Release|Any CPU
		{67BC5F72-F012-4806-95B2-0003A4C20227}.Release|Any CPU.Build.0 = Release|Any CPU
	EndGlobalSection
	GlobalSection(SolutionProperties) = preSolution
		HideSolutionNode = FALSE
	EndGlobalSection
	GlobalSection(NestedProjects) = preSolution
		{A35DE40C-322E-4114-8B59-6DBE7EE2A0DA} = {624CB1A3-48AF-49AA-9B0C-12D7368A7FEE}
		{7CB659C6-2696-4872-AF7C-023DF49D30DD} = {624CB1A3-48AF-49AA-9B0C-12D7368A7FEE}
		{8018E7D4-01FE-49A6-A964-5408C898AC85} = {624CB1A3-48AF-49AA-9B0C-12D7368A7FEE}
		{2EFEF700-7B94-41AE-AFFF-A76302898CAB} = {22775BEB-2234-4B9D-9D4C-F594EA9AC103}
		{073812DC-25A7-45E8-AE02-3FB38FA9934E} = {22775BEB-2234-4B9D-9D4C-F594EA9AC103}
		{86B34C90-0AC3-4E9D-9B6D-FA20317C3942} = {22775BEB-2234-4B9D-9D4C-F594EA9AC103}
		{98C261AE-A94A-4BDA-BC9A-805F68D1AE4C} = {2B4AD80E-C627-4419-844A-E4CF849CD615}
		{8CAACC1B-D28F-41CC-98FA-872A6B43C57B} = {2B4AD80E-C627-4419-844A-E4CF849CD615}
		{D03231CE-2098-4E5E-9693-8AEF77DE70BD} = {2B4AD80E-C627-4419-844A-E4CF849CD615}
		{4D816994-EACB-4D81-A4DA-E15975C654E2} = {4022896E-5629-4A3F-B544-55A78F2789FB}
		{3092F244-7CCA-4848-9AB9-806A9A97C13A} = {4022896E-5629-4A3F-B544-55A78F2789FB}
		{67BC5F72-F012-4806-95B2-0003A4C20227} = {4022896E-5629-4A3F-B544-55A78F2789FB}
	EndGlobalSection
	GlobalSection(ExtensibilityGlobals) = postSolution
		SolutionGuid = {B1E319F0-2469-4247-9C58-1A652F32CBB9}
	EndGlobalSection
EndGlobal
